
Microsoft Visual Studio Solution File, Format Version 12.00
# Visual Studio Version 16
VisualStudioVersion = 16.0.29503.13
MinimumVisualStudioVersion = 10.0.40219.1
Project("{9A19103F-16F7-4668-BE54-9A1E7A4F7556}") = "Nexul.Demo", "Nexul.Demo\Nexul.Demo.csproj", "{64DB731B-2640-4FE9-8FAC-A2D2BAB5858E}"
EndProject
Project("{FAE04EC0-301F-11D3-BF4B-00C04F79EFBC}") = "Nexul.Demo.SqlDbServices", "Nexul.Demo.SqlDbServices\Nexul.Demo.SqlDbServices.csproj", "{F45E5C19-9367-4C79-B8B3-4A64106DB8B0}"
EndProject
Project("{FAE04EC0-301F-11D3-BF4B-00C04F79EFBC}") = "Nexul.Demo.MvcWeb", "Nexul.Demo.MvcWeb\Nexul.Demo.MvcWeb.csproj", "{D51E2284-2771-47FF-9D82-90D620321DBE}"
EndProject
Global
	GlobalSection(SolutionConfigurationPlatforms) = preSolution
		Debug|Any CPU = Debug|Any CPU
		Release|Any CPU = Release|Any CPU
	EndGlobalSection
	GlobalSection(ProjectConfigurationPlatforms) = postSolution
		{64DB731B-2640-4FE9-8FAC-A2D2BAB5858E}.Debug|Any CPU.ActiveCfg = Debug|Any CPU
		{64DB731B-2640-4FE9-8FAC-A2D2BAB5858E}.Debug|Any CPU.Build.0 = Debug|Any CPU
		{64DB731B-2640-4FE9-8FAC-A2D2BAB5858E}.Release|Any CPU.ActiveCfg = Release|Any CPU
		{64DB731B-2640-4FE9-8FAC-A2D2BAB5858E}.Release|Any CPU.Build.0 = Release|Any CPU
		{F45E5C19-9367-4C79-B8B3-4A64106DB8B0}.Debug|Any CPU.ActiveCfg = Debug|Any CPU
		{F45E5C19-9367-4C79-B8B3-4A64106DB8B0}.Debug|Any CPU.Build.0 = Debug|Any CPU
		{F45E5C19-9367-4C79-B8B3-4A64106DB8B0}.Release|Any CPU.ActiveCfg = Release|Any CPU
		{F45E5C19-9367-4C79-B8B3-4A64106DB8B0}.Release|Any CPU.Build.0 = Release|Any CPU
		{D51E2284-2771-47FF-9D82-90D620321DBE}.Debug|Any CPU.ActiveCfg = Debug|Any CPU
		{D51E2284-2771-47FF-9D82-90D620321DBE}.Debug|Any CPU.Build.0 = Debug|Any CPU
		{D51E2284-2771-47FF-9D82-90D620321DBE}.Release|Any CPU.ActiveCfg = Release|Any CPU
		{D51E2284-2771-47FF-9D82-90D620321DBE}.Release|Any CPU.Build.0 = Release|Any CPU
	EndGlobalSection
	GlobalSection(SolutionProperties) = preSolution
		HideSolutionNode = FALSE
	EndGlobalSection
	GlobalSection(ExtensibilityGlobals) = postSolution
		SolutionGuid = {24A38665-3BCB-443D-9025-2DD733BAAC0F}
	EndGlobalSection
EndGlobal
